// !$*UTF8*$!
{
	archiveVersion = 1;
	classes = {
	};
	objectVersion = 77;
	objects = {

/* Begin PBXBuildFile section */
		0A26A1E065BD827B8C1C5DB1 /* Pods_empujarTests.framework in Frameworks */ = {isa = PBXBuildFile; fileRef = 37F9F6261D11F9C88E5A0C63 /* Pods_empujarTests.framework */; };
		852C62997305536054875F04 /* Pods_empujar.framework in Frameworks */ = {isa = PBXBuildFile; fileRef = 5CEE1BE3B3F1C6866C8FF9C8 /* Pods_empujar.framework */; };
		A15FE590F6002FBE326F17CF /* Pods_empujar_empujarUITests.framework in Frameworks */ = {isa = PBXBuildFile; fileRef = 612DB6F92704982BDDC9040F /* Pods_empujar_empujarUITests.framework */; };
/* End PBXBuildFile section */

/* Begin PBXContainerItemProxy section */
		8DB362242E6D972D00FEA0A3 /* PBXContainerItemProxy */ = {
			isa = PBXContainerItemProxy;
			containerPortal = 8DB362052E6D972B00FEA0A3 /* Project object */;
			proxyType = 1;
			remoteGlobalIDString = 8DB3620C2E6D972B00FEA0A3;
			remoteInfo = empujar;
		};
		8DB3622E2E6D972D00FEA0A3 /* PBXContainerItemProxy */ = {
			isa = PBXContainerItemProxy;
			containerPortal = 8DB362052E6D972B00FEA0A3 /* Project object */;
			proxyType = 1;
			remoteGlobalIDString = 8DB3620C2E6D972B00FEA0A3;
			remoteInfo = empujar;
		};
/* End PBXContainerItemProxy section */

/* Begin PBXFileReference section */
		37F9F6261D11F9C88E5A0C63 /* Pods_empujarTests.framework */ = {isa = PBXFileReference; explicitFileType = wrapper.framework; includeInIndex = 0; path = Pods_empujarTests.framework; sourceTree = BUILT_PRODUCTS_DIR; };
		5C7D64CAFB68D2C151E33C71 /* Pods-empujar.debug.xcconfig */ = {isa = PBXFileReference; includeInIndex = 1; lastKnownFileType = text.xcconfig; name = "Pods-empujar.debug.xcconfig"; path = "Target Support Files/Pods-empujar/Pods-empujar.debug.xcconfig"; sourceTree = "<group>"; };
		5CEE1BE3B3F1C6866C8FF9C8 /* Pods_empujar.framework */ = {isa = PBXFileReference; explicitFileType = wrapper.framework; includeInIndex = 0; path = Pods_empujar.framework; sourceTree = BUILT_PRODUCTS_DIR; };
		612DB6F92704982BDDC9040F /* Pods_empujar_empujarUITests.framework */ = {isa = PBXFileReference; explicitFileType = wrapper.framework; includeInIndex = 0; path = Pods_empujar_empujarUITests.framework; sourceTree = BUILT_PRODUCTS_DIR; };
		8DB3620D2E6D972B00FEA0A3 /* empujar.app */ = {isa = PBXFileReference; explicitFileType = wrapper.application; includeInIndex = 0; path = empujar.app; sourceTree = BUILT_PRODUCTS_DIR; };
		8DB362232E6D972D00FEA0A3 /* empujarTests.xctest */ = {isa = PBXFileReference; explicitFileType = wrapper.cfbundle; includeInIndex = 0; path = empujarTests.xctest; sourceTree = BUILT_PRODUCTS_DIR; };
		8DB3622D2E6D972D00FEA0A3 /* empujarUITests.xctest */ = {isa = PBXFileReference; explicitFileType = wrapper.cfbundle; includeInIndex = 0; path = empujarUITests.xctest; sourceTree = BUILT_PRODUCTS_DIR; };
		AAE0D073134B565FD15BBC97 /* Pods-empujar-empujarUITests.release.xcconfig */ = {isa = PBXFileReference; includeInIndex = 1; lastKnownFileType = text.xcconfig; name = "Pods-empujar-empujarUITests.release.xcconfig"; path = "Target Support Files/Pods-empujar-empujarUITests/Pods-empujar-empujarUITests.release.xcconfig"; sourceTree = "<group>"; };
		D7CAF919C6A203C68A65E972 /* Pods-empujar-empujarUITests.debug.xcconfig */ = {isa = PBXFileReference; includeInIndex = 1; lastKnownFileType = text.xcconfig; name = "Pods-empujar-empujarUITests.debug.xcconfig"; path = "Target Support Files/Pods-empujar-empujarUITests/Pods-empujar-empujarUITests.debug.xcconfig"; sourceTree = "<group>"; };
		DB7075BA83E2F261A3900C6B /* Pods-empujar.release.xcconfig */ = {isa = PBXFileReference; includeInIndex = 1; lastKnownFileType = text.xcconfig; name = "Pods-empujar.release.xcconfig"; path = "Target Support Files/Pods-empujar/Pods-empujar.release.xcconfig"; sourceTree = "<group>"; };
		E01601B64801761B9D4A6CDC /* Pods-empujarTests.debug.xcconfig */ = {isa = PBXFileReference; includeInIndex = 1; lastKnownFileType = text.xcconfig; name = "Pods-empujarTests.debug.xcconfig"; path = "Target Support Files/Pods-empujarTests/Pods-empujarTests.debug.xcconfig"; sourceTree = "<group>"; };
		FDD54F976A4A85DEC3A1CD32 /* Pods-empujarTests.release.xcconfig */ = {isa = PBXFileReference; includeInIndex = 1; lastKnownFileType = text.xcconfig; name = "Pods-empujarTests.release.xcconfig"; path = "Target Support Files/Pods-empujarTests/Pods-empujarTests.release.xcconfig"; sourceTree = "<group>"; };
/* End PBXFileReference section */

/* Begin PBXFileSystemSynchronizedBuildFileExceptionSet section */
		8DB362352E6D972D00FEA0A3 /* Exceptions for "empujar" folder in "empujar" target */ = {
			isa = PBXFileSystemSynchronizedBuildFileExceptionSet;
			membershipExceptions = (
				Info.plist,
			);
			target = 8DB3620C2E6D972B00FEA0A3 /* empujar */;
		};
/* End PBXFileSystemSynchronizedBuildFileExceptionSet section */

/* Begin PBXFileSystemSynchronizedRootGroup section */
		8DB3620F2E6D972B00FEA0A3 /* empujar */ = {
			isa = PBXFileSystemSynchronizedRootGroup;
			exceptions = (
				8DB362352E6D972D00FEA0A3 /* Exceptions for "empujar" folder in "empujar" target */,
			);
			path = empujar;
			sourceTree = "<group>";
		};
		8DB362262E6D972D00FEA0A3 /* empujarTests */ = {
			isa = PBXFileSystemSynchronizedRootGroup;
			exceptions = (
			);
			path = empujarTests;
			sourceTree = "<group>";
		};
		8DB362302E6D972D00FEA0A3 /* empujarUITests */ = {
			isa = PBXFileSystemSynchronizedRootGroup;
			exceptions = (
			);
			path = empujarUITests;
			sourceTree = "<group>";
		};
/* End PBXFileSystemSynchronizedRootGroup section */

/* Begin PBXFrameworksBuildPhase section */
		8DB3620A2E6D972B00FEA0A3 /* Frameworks */ = {
			isa = PBXFrameworksBuildPhase;
			buildActionMask = 2147483647;
			files = (
				852C62997305536054875F04 /* Pods_empujar.framework in Frameworks */,
			);
			runOnlyForDeploymentPostprocessing = 0;
		};
		8DB362202E6D972D00FEA0A3 /* Frameworks */ = {
			isa = PBXFrameworksBuildPhase;
			buildActionMask = 2147483647;
			files = (
				0A26A1E065BD827B8C1C5DB1 /* Pods_empujarTests.framework in Frameworks */,
			);
			runOnlyForDeploymentPostprocessing = 0;
		};
		8DB3622A2E6D972D00FEA0A3 /* Frameworks */ = {
			isa = PBXFrameworksBuildPhase;
			buildActionMask = 2147483647;
			files = (
				A15FE590F6002FBE326F17CF /* Pods_empujar_empujarUITests.framework in Frameworks */,
			);
			runOnlyForDeploymentPostprocessing = 0;
		};
/* End PBXFrameworksBuildPhase section */

/* Begin PBXGroup section */
		45296373CF0C107506868DFC /* Pods */ = {
			isa = PBXGroup;
			children = (
				5C7D64CAFB68D2C151E33C71 /* Pods-empujar.debug.xcconfig */,
				DB7075BA83E2F261A3900C6B /* Pods-empujar.release.xcconfig */,
				D7CAF919C6A203C68A65E972 /* Pods-empujar-empujarUITests.debug.xcconfig */,
				AAE0D073134B565FD15BBC97 /* Pods-empujar-empujarUITests.release.xcconfig */,
				E01601B64801761B9D4A6CDC /* Pods-empujarTests.debug.xcconfig */,
				FDD54F976A4A85DEC3A1CD32 /* Pods-empujarTests.release.xcconfig */,
			);
			path = Pods;
			sourceTree = "<group>";
		};
		8DB362042E6D972B00FEA0A3 = {
			isa = PBXGroup;
			children = (
				8DB3620F2E6D972B00FEA0A3 /* empujar */,
				8DB362262E6D972D00FEA0A3 /* empujarTests */,
				8DB362302E6D972D00FEA0A3 /* empujarUITests */,
				8DB3620E2E6D972B00FEA0A3 /* Products */,
				45296373CF0C107506868DFC /* Pods */,
				BDBA0B8C2FABDDB42E605787 /* Frameworks */,
			);
			sourceTree = "<group>";
		};
		8DB3620E2E6D972B00FEA0A3 /* Products */ = {
			isa = PBXGroup;
			children = (
				8DB3620D2E6D972B00FEA0A3 /* empujar.app */,
				8DB362232E6D972D00FEA0A3 /* empujarTests.xctest */,
				8DB3622D2E6D972D00FEA0A3 /* empujarUITests.xctest */,
			);
			name = Products;
			sourceTree = "<group>";
		};
		BDBA0B8C2FABDDB42E605787 /* Frameworks */ = {
			isa = PBXGroup;
			children = (
				5CEE1BE3B3F1C6866C8FF9C8 /* Pods_empujar.framework */,
				612DB6F92704982BDDC9040F /* Pods_empujar_empujarUITests.framework */,
				37F9F6261D11F9C88E5A0C63 /* Pods_empujarTests.framework */,
			);
			name = Frameworks;
			sourceTree = "<group>";
		};
/* End PBXGroup section */

/* Begin PBXNativeTarget section */
		8DB3620C2E6D972B00FEA0A3 /* empujar */ = {
			isa = PBXNativeTarget;
			buildConfigurationList = 8DB362362E6D972D00FEA0A3 /* Build configuration list for PBXNativeTarget "empujar" */;
			buildPhases = (
				7DF4D3A2D45943F3B44F18EF /* [CP] Check Pods Manifest.lock */,
				8DB362092E6D972B00FEA0A3 /* Sources */,
				8DB3620A2E6D972B00FEA0A3 /* Frameworks */,
				8DB3620B2E6D972B00FEA0A3 /* Resources */,
			);
			buildRules = (
			);
			dependencies = (
			);
			fileSystemSynchronizedGroups = (
				8DB3620F2E6D972B00FEA0A3 /* empujar */,
			);
			name = empujar;
			productName = empujar;
			productReference = 8DB3620D2E6D972B00FEA0A3 /* empujar.app */;
			productType = "com.apple.product-type.application";
		};
		8DB362222E6D972D00FEA0A3 /* empujarTests */ = {
			isa = PBXNativeTarget;
			buildConfigurationList = 8DB3623B2E6D972D00FEA0A3 /* Build configuration list for PBXNativeTarget "empujarTests" */;
			buildPhases = (
				782E6F31420DF48FCA1411B4 /* [CP] Check Pods Manifest.lock */,
				8DB3621F2E6D972D00FEA0A3 /* Sources */,
				8DB362202E6D972D00FEA0A3 /* Frameworks */,
				8DB362212E6D972D00FEA0A3 /* Resources */,
			);
			buildRules = (
			);
			dependencies = (
				8DB362252E6D972D00FEA0A3 /* PBXTargetDependency */,
			);
			fileSystemSynchronizedGroups = (
				8DB362262E6D972D00FEA0A3 /* empujarTests */,
			);
			name = empujarTests;
			productName = empujarTests;
			productReference = 8DB362232E6D972D00FEA0A3 /* empujarTests.xctest */;
			productType = "com.apple.product-type.bundle.unit-test";
		};
		8DB3622C2E6D972D00FEA0A3 /* empujarUITests */ = {
			isa = PBXNativeTarget;
			buildConfigurationList = 8DB3623E2E6D972D00FEA0A3 /* Build configuration list for PBXNativeTarget "empujarUITests" */;
			buildPhases = (
				A7D96247DC70A2A8F112E7B3 /* [CP] Check Pods Manifest.lock */,
				8DB362292E6D972D00FEA0A3 /* Sources */,
				8DB3622A2E6D972D00FEA0A3 /* Frameworks */,
				8DB3622B2E6D972D00FEA0A3 /* Resources */,
			);
			buildRules = (
			);
			dependencies = (
				8DB3622F2E6D972D00FEA0A3 /* PBXTargetDependency */,
			);
			fileSystemSynchronizedGroups = (
				8DB362302E6D972D00FEA0A3 /* empujarUITests */,
			);
			name = empujarUITests;
			productName = empujarUITests;
			productReference = 8DB3622D2E6D972D00FEA0A3 /* empujarUITests.xctest */;
			productType = "com.apple.product-type.bundle.ui-testing";
		};
/* End PBXNativeTarget section */

/* Begin PBXProject section */
		8DB362052E6D972B00FEA0A3 /* Project object */ = {
			isa = PBXProject;
			attributes = {
				BuildIndependentTargetsInParallel = 1;
				LastSwiftUpdateCheck = 2600;
				LastUpgradeCheck = 2600;
				TargetAttributes = {
					8DB3620C2E6D972B00FEA0A3 = {
						CreatedOnToolsVersion = 26.0;
					};
					8DB362222E6D972D00FEA0A3 = {
						CreatedOnToolsVersion = 26.0;
						TestTargetID = 8DB3620C2E6D972B00FEA0A3;
					};
					8DB3622C2E6D972D00FEA0A3 = {
						CreatedOnToolsVersion = 26.0;
						TestTargetID = 8DB3620C2E6D972B00FEA0A3;
					};
				};
			};
			buildConfigurationList = 8DB362082E6D972B00FEA0A3 /* Build configuration list for PBXProject "empujar" */;
			developmentRegion = en;
			hasScannedForEncodings = 0;
			knownRegions = (
				en,
				Base,
			);
			mainGroup = 8DB362042E6D972B00FEA0A3;
			minimizedProjectReferenceProxies = 1;
			preferredProjectObjectVersion = 77;
			productRefGroup = 8DB3620E2E6D972B00FEA0A3 /* Products */;
			projectDirPath = "";
			projectRoot = "";
			targets = (
				8DB3620C2E6D972B00FEA0A3 /* empujar */,
				8DB362222E6D972D00FEA0A3 /* empujarTests */,
				8DB3622C2E6D972D00FEA0A3 /* empujarUITests */,
			);
		};
/* End PBXProject section */

/* Begin PBXResourcesBuildPhase section */
		8DB3620B2E6D972B00FEA0A3 /* Resources */ = {
			isa = PBXResourcesBuildPhase;
			buildActionMask = 2147483647;
			files = (
			);
			runOnlyForDeploymentPostprocessing = 0;
		};
		8DB362212E6D972D00FEA0A3 /* Resources */ = {
			isa = PBXResourcesBuildPhase;
			buildActionMask = 2147483647;
			files = (
			);
			runOnlyForDeploymentPostprocessing = 0;
		};
		8DB3622B2E6D972D00FEA0A3 /* Resources */ = {
			isa = PBXResourcesBuildPhase;
			buildActionMask = 2147483647;
			files = (
			);
			runOnlyForDeploymentPostprocessing = 0;
		};
/* End PBXResourcesBuildPhase section */

/* Begin PBXShellScriptBuildPhase section */
		782E6F31420DF48FCA1411B4 /* [CP] Check Pods Manifest.lock */ = {
			isa = PBXShellScriptBuildPhase;
			buildActionMask = 2147483647;
			files = (
			);
			inputFileListPaths = (
			);
			inputPaths = (
				"${PODS_PODFILE_DIR_PATH}/Podfile.lock",
				"${PODS_ROOT}/Manifest.lock",
			);
			name = "[CP] Check Pods Manifest.lock";
			outputFileListPaths = (
			);
			outputPaths = (
				"$(DERIVED_FILE_DIR)/Pods-empujarTests-checkManifestLockResult.txt",
			);
			runOnlyForDeploymentPostprocessing = 0;
			shellPath = /bin/sh;
			shellScript = "diff \"${PODS_PODFILE_DIR_PATH}/Podfile.lock\" \"${PODS_ROOT}/Manifest.lock\" > /dev/null\nif [ $? != 0 ] ; then\n    # print error to STDERR\n    echo \"error: The sandbox is not in sync with the Podfile.lock. Run 'pod install' or update your CocoaPods installation.\" >&2\n    exit 1\nfi\n# This output is used by Xcode 'outputs' to avoid re-running this script phase.\necho \"SUCCESS\" > \"${SCRIPT_OUTPUT_FILE_0}\"\n";
			showEnvVarsInLog = 0;
		};
		7DF4D3A2D45943F3B44F18EF /* [CP] Check Pods Manifest.lock */ = {
			isa = PBXShellScriptBuildPhase;
			buildActionMask = 2147483647;
			files = (
			);
			inputFileListPaths = (
			);
			inputPaths = (
				"${PODS_PODFILE_DIR_PATH}/Podfile.lock",
				"${PODS_ROOT}/Manifest.lock",
			);
			name = "[CP] Check Pods Manifest.lock";
			outputFileListPaths = (
			);
			outputPaths = (
				"$(DERIVED_FILE_DIR)/Pods-empujar-checkManifestLockResult.txt",
			);
			runOnlyForDeploymentPostprocessing = 0;
			shellPath = /bin/sh;
			shellScript = "diff \"${PODS_PODFILE_DIR_PATH}/Podfile.lock\" \"${PODS_ROOT}/Manifest.lock\" > /dev/null\nif [ $? != 0 ] ; then\n    # print error to STDERR\n    echo \"error: The sandbox is not in sync with the Podfile.lock. Run 'pod install' or update your CocoaPods installation.\" >&2\n    exit 1\nfi\n# This output is used by Xcode 'outputs' to avoid re-running this script phase.\necho \"SUCCESS\" > \"${SCRIPT_OUTPUT_FILE_0}\"\n";
			showEnvVarsInLog = 0;
		};
		A7D96247DC70A2A8F112E7B3 /* [CP] Check Pods Manifest.lock */ = {
			isa = PBXShellScriptBuildPhase;
			buildActionMask = 2147483647;
			files = (
			);
			inputFileListPaths = (
			);
			inputPaths = (
				"${PODS_PODFILE_DIR_PATH}/Podfile.lock",
				"${PODS_ROOT}/Manifest.lock",
			);
			name = "[CP] Check Pods Manifest.lock";
			outputFileListPaths = (
			);
			outputPaths = (
				"$(DERIVED_FILE_DIR)/Pods-empujar-empujarUITests-checkManifestLockResult.txt",
			);
			runOnlyForDeploymentPostprocessing = 0;
			shellPath = /bin/sh;
			shellScript = "diff \"${PODS_PODFILE_DIR_PATH}/Podfile.lock\" \"${PODS_ROOT}/Manifest.lock\" > /dev/null\nif [ $? != 0 ] ; then\n    # print error to STDERR\n    echo \"error: The sandbox is not in sync with the Podfile.lock. Run 'pod install' or update your CocoaPods installation.\" >&2\n    exit 1\nfi\n# This output is used by Xcode 'outputs' to avoid re-running this script phase.\necho \"SUCCESS\" > \"${SCRIPT_OUTPUT_FILE_0}\"\n";
			showEnvVarsInLog = 0;
		};
/* End PBXShellScriptBuildPhase section */

/* Begin PBXSourcesBuildPhase section */
		8DB362092E6D972B00FEA0A3 /* Sources */ = {
			isa = PBXSourcesBuildPhase;
			buildActionMask = 2147483647;
			files = (
			);
			runOnlyForDeploymentPostprocessing = 0;
		};
		8DB3621F2E6D972D00FEA0A3 /* Sources */ = {
			isa = PBXSourcesBuildPhase;
			buildActionMask = 2147483647;
			files = (
			);
			runOnlyForDeploymentPostprocessing = 0;
		};
		8DB362292E6D972D00FEA0A3 /* Sources */ = {
			isa = PBXSourcesBuildPhase;
			buildActionMask = 2147483647;
			files = (
			);
			runOnlyForDeploymentPostprocessing = 0;
		};
/* End PBXSourcesBuildPhase section */

/* Begin PBXTargetDependency section */
		8DB362252E6D972D00FEA0A3 /* PBXTargetDependency */ = {
			isa = PBXTargetDependency;
			target = 8DB3620C2E6D972B00FEA0A3 /* empujar */;
			targetProxy = 8DB362242E6D972D00FEA0A3 /* PBXContainerItemProxy */;
		};
		8DB3622F2E6D972D00FEA0A3 /* PBXTargetDependency */ = {
			isa = PBXTargetDependency;
			target = 8DB3620C2E6D972B00FEA0A3 /* empujar */;
			targetProxy = 8DB3622E2E6D972D00FEA0A3 /* PBXContainerItemProxy */;
		};
/* End PBXTargetDependency section */

/* Begin XCBuildConfiguration section */
		8DB362372E6D972D00FEA0A3 /* Debug */ = {
			isa = XCBuildConfiguration;
			baseConfigurationReference = 5C7D64CAFB68D2C151E33C71 /* Pods-empujar.debug.xcconfig */;
			buildSettings = {
				ASSETCATALOG_COMPILER_APPICON_NAME = AppIcon;
				ASSETCATALOG_COMPILER_GLOBAL_ACCENT_COLOR_NAME = AccentColor;
				CODE_SIGN_ENTITLEMENTS = empujar/empujar.entitlements;
				CODE_SIGN_IDENTITY = "Apple Development";
				CODE_SIGN_STYLE = Automatic;
				CURRENT_PROJECT_VERSION = 1;
				DEVELOPMENT_TEAM = SJ6YLZLZSA;
				ENABLE_RESOURCE_ACCESS_CAMERA = YES;
				GENERATE_INFOPLIST_FILE = YES;
				INFOPLIST_FILE = empujar/Info.plist;
				INFOPLIST_KEY_NSCameraUsageDescription = "This app use the Camera for Creating custom Gallery ";
				INFOPLIST_KEY_UIApplicationSupportsIndirectInputEvents = YES;
				INFOPLIST_KEY_UILaunchStoryboardName = LaunchScreen;
				INFOPLIST_KEY_UIMainStoryboardFile = Main;
				INFOPLIST_KEY_UISupportedInterfaceOrientations_iPad = "UIInterfaceOrientationPortrait UIInterfaceOrientationPortraitUpsideDown UIInterfaceOrientationLandscapeLeft UIInterfaceOrientationLandscapeRight";
				INFOPLIST_KEY_UISupportedInterfaceOrientations_iPhone = "UIInterfaceOrientationPortrait UIInterfaceOrientationLandscapeLeft UIInterfaceOrientationLandscapeRight";
				IPHONEOS_DEPLOYMENT_TARGET = 18.6;
				LD_RUNPATH_SEARCH_PATHS = (
					"$(inherited)",
					"@executable_path/Frameworks",
				);
				MARKETING_VERSION = 1.0;
				PRODUCT_BUNDLE_IDENTIFIER = com.schwarz.empujarejemplo;
				PRODUCT_NAME = "$(TARGET_NAME)";
				PROVISIONING_PROFILE_SPECIFIER = "";
				STRING_CATALOG_GENERATE_SYMBOLS = YES;
				SWIFT_APPROACHABLE_CONCURRENCY = YES;
				SWIFT_DEFAULT_ACTOR_ISOLATION = MainActor;
				SWIFT_EMIT_LOC_STRINGS = YES;
				SWIFT_UPCOMING_FEATURE_MEMBER_IMPORT_VISIBILITY = YES;
				SWIFT_VERSION = 5.0;
				TARGETED_DEVICE_FAMILY = "1,2";
			};
			name = Debug;
		};
		8DB362382E6D972D00FEA0A3 /* Release */ = {
			isa = XCBuildConfiguration;
			baseConfigurationReference = DB7075BA83E2F261A3900C6B /* Pods-empujar.release.xcconfig */;
			buildSettings = {
				ASSETCATALOG_COMPILER_APPICON_NAME = AppIcon;
				ASSETCATALOG_COMPILER_GLOBAL_ACCENT_COLOR_NAME = AccentColor;
				CODE_SIGN_ENTITLEMENTS = empujar/empujar.entitlements;
				CODE_SIGN_IDENTITY = "Apple Development";
				CODE_SIGN_STYLE = Automatic;
				CURRENT_PROJECT_VERSION = 1;
				DEVELOPMENT_TEAM = SJ6YLZLZSA;
				ENABLE_RESOURCE_ACCESS_CAMERA = YES;
				GENERATE_INFOPLIST_FILE = YES;
				INFOPLIST_FILE = empujar/Info.plist;
				INFOPLIST_KEY_NSCameraUsageDescription = "This app use the Camera for Creating custom Gallery ";
				INFOPLIST_KEY_UIApplicationSupportsIndirectInputEvents = YES;
				INFOPLIST_KEY_UILaunchStoryboardName = LaunchScreen;
				INFOPLIST_KEY_UIMainStoryboardFile = Main;
				INFOPLIST_KEY_UISupportedInterfaceOrientations_iPad = "UIInterfaceOrientationPortrait UIInterfaceOrientationPortraitUpsideDown UIInterfaceOrientationLandscapeLeft UIInterfaceOrientationLandscapeRight";
				INFOPLIST_KEY_UISupportedInterfaceOrientations_iPhone = "UIInterfaceOrientationPortrait UIInterfaceOrientationLandscapeLeft UIInterfaceOrientationLandscapeRight";
				IPHONEOS_DEPLOYMENT_TARGET = 18.6;
				LD_RUNPATH_SEARCH_PATHS = (
					"$(inherited)",
					"@executable_path/Frameworks",
				);
				MARKETING_VERSION = 1.0;
				PRODUCT_BUNDLE_IDENTIFIER = com.schwarz.empujarejemplo;
				PRODUCT_NAME = "$(TARGET_NAME)";
				PROVISIONING_PROFILE_SPECIFIER = "";
				STRING_CATALOG_GENERATE_SYMBOLS = YES;
				SWIFT_APPROACHABLE_CONCURRENCY = YES;
				SWIFT_DEFAULT_ACTOR_ISOLATION = MainActor;
				SWIFT_EMIT_LOC_STRINGS = YES;
				SWIFT_UPCOMING_FEATURE_MEMBER_IMPORT_VISIBILITY = YES;
				SWIFT_VERSION = 5.0;
				TARGETED_DEVICE_FAMILY = "1,2";
			};
			name = Release;
		};
		8DB362392E6D972D00FEA0A3 /* Debug */ = {
			isa = XCBuildConfiguration;
			buildSettings = {
				ALWAYS_SEARCH_USER_PATHS = NO;
				ASSETCATALOG_COMPILER_GENERATE_SWIFT_ASSET_SYMBOL_EXTENSIONS = YES;
				CLANG_ANALYZER_NONNULL = YES;
				CLANG_ANALYZER_NUMBER_OBJECT_CONVERSION = YES_AGGRESSIVE;
				CLANG_CXX_LANGUAGE_STANDARD = "gnu++20";
				CLANG_ENABLE_MODULES = YES;
				CLANG_ENABLE_OBJC_ARC = YES;
				CLANG_ENABLE_OBJC_WEAK = YES;
				CLANG_WARN_BLOCK_CAPTURE_AUTORELEASING = YES;
				CLANG_WARN_BOOL_CONVERSION = YES;
				CLANG_WARN_COMMA = YES;
				CLANG_WARN_CONSTANT_CONVERSION = YES;
				CLANG_WARN_DEPRECATED_OBJC_IMPLEMENTATIONS = YES;
				CLANG_WARN_DIRECT_OBJC_ISA_USAGE = YES_ERROR;
				CLANG_WARN_DOCUMENTATION_COMMENTS = YES;
				CLANG_WARN_EMPTY_BODY = YES;
				CLANG_WARN_ENUM_CONVERSION = YES;
				CLANG_WARN_INFINITE_RECURSION = YES;
				CLANG_WARN_INT_CONVERSION = YES;
				CLANG_WARN_NON_LITERAL_NULL_CONVERSION = YES;
				CLANG_WARN_OBJC_IMPLICIT_RETAIN_SELF = YES;
				CLANG_WARN_OBJC_LITERAL_CONVERSION = YES;
				CLANG_WARN_OBJC_ROOT_CLASS = YES_ERROR;
				CLANG_WARN_QUOTED_INCLUDE_IN_FRAMEWORK_HEADER = YES;
				CLANG_WARN_RANGE_LOOP_ANALYSIS = YES;
				CLANG_WARN_STRICT_PROTOTYPES = YES;
				CLANG_WARN_SUSPICIOUS_MOVE = YES;
				CLANG_WARN_UNGUARDED_AVAILABILITY = YES_AGGRESSIVE;
				CLANG_WARN_UNREACHABLE_CODE = YES;
				CLANG_WARN__DUPLICATE_METHOD_MATCH = YES;
				COPY_PHASE_STRIP = NO;
				DEBUG_INFORMATION_FORMAT = dwarf;
				DEVELOPMENT_TEAM = 7QCTDV3C2Y;
				ENABLE_STRICT_OBJC_MSGSEND = YES;
				ENABLE_TESTABILITY = YES;
				ENABLE_USER_SCRIPT_SANDBOXING = YES;
				GCC_C_LANGUAGE_STANDARD = gnu17;
				GCC_DYNAMIC_NO_PIC = NO;
				GCC_NO_COMMON_BLOCKS = YES;
				GCC_OPTIMIZATION_LEVEL = 0;
				GCC_PREPROCESSOR_DEFINITIONS = (
					"DEBUG=1",
					"$(inherited)",
				);
				GCC_WARN_64_TO_32_BIT_CONVERSION = YES;
				GCC_WARN_ABOUT_RETURN_TYPE = YES_ERROR;
				GCC_WARN_UNDECLARED_SELECTOR = YES;
				GCC_WARN_UNINITIALIZED_AUTOS = YES_AGGRESSIVE;
				GCC_WARN_UNUSED_FUNCTION = YES;
				GCC_WARN_UNUSED_VARIABLE = YES;
				IPHONEOS_DEPLOYMENT_TARGET = 26.0;
				LOCALIZATION_PREFERS_STRING_CATALOGS = YES;
				MTL_ENABLE_DEBUG_INFO = INCLUDE_SOURCE;
				MTL_FAST_MATH = YES;
				ONLY_ACTIVE_ARCH = YES;
				SDKROOT = iphoneos;
				SWIFT_ACTIVE_COMPILATION_CONDITIONS = "DEBUG $(inherited)";
				SWIFT_OPTIMIZATION_LEVEL = "-Onone";
			};
			name = Debug;
		};
		8DB3623A2E6D972D00FEA0A3 /* Release */ = {
			isa = XCBuildConfiguration;
			buildSettings = {
				ALWAYS_SEARCH_USER_PATHS = NO;
				ASSETCATALOG_COMPILER_GENERATE_SWIFT_ASSET_SYMBOL_EXTENSIONS = YES;
				CLANG_ANALYZER_NONNULL = YES;
				CLANG_ANALYZER_NUMBER_OBJECT_CONVERSION = YES_AGGRESSIVE;
				CLANG_CXX_LANGUAGE_STANDARD = "gnu++20";
				CLANG_ENABLE_MODULES = YES;
				CLANG_ENABLE_OBJC_ARC = YES;
				CLANG_ENABLE_OBJC_WEAK = YES;
				CLANG_WARN_BLOCK_CAPTURE_AUTORELEASING = YES;
				CLANG_WARN_BOOL_CONVERSION = YES;
				CLANG_WARN_COMMA = YES;
				CLANG_WARN_CONSTANT_CONVERSION = YES;
				CLANG_WARN_DEPRECATED_OBJC_IMPLEMENTATIONS = YES;
				CLANG_WARN_DIRECT_OBJC_ISA_USAGE = YES_ERROR;
				CLANG_WARN_DOCUMENTATION_COMMENTS = YES;
				CLANG_WARN_EMPTY_BODY = YES;
				CLANG_WARN_ENUM_CONVERSION = YES;
				CLANG_WARN_INFINITE_RECURSION = YES;
				CLANG_WARN_INT_CONVERSION = YES;
				CLANG_WARN_NON_LITERAL_NULL_CONVERSION = YES;
				CLANG_WARN_OBJC_IMPLICIT_RETAIN_SELF = YES;
				CLANG_WARN_OBJC_LITERAL_CONVERSION = YES;
				CLANG_WARN_OBJC_ROOT_CLASS = YES_ERROR;
				CLANG_WARN_QUOTED_INCLUDE_IN_FRAMEWORK_HEADER = YES;
				CLANG_WARN_RANGE_LOOP_ANALYSIS = YES;
				CLANG_WARN_STRICT_PROTOTYPES = YES;
				CLANG_WARN_SUSPICIOUS_MOVE = YES;
				CLANG_WARN_UNGUARDED_AVAILABILITY = YES_AGGRESSIVE;
				CLANG_WARN_UNREACHABLE_CODE = YES;
				CLANG_WARN__DUPLICATE_METHOD_MATCH = YES;
				COPY_PHASE_STRIP = NO;
				DEBUG_INFORMATION_FORMAT = "dwarf-with-dsym";
				DEVELOPMENT_TEAM = 7QCTDV3C2Y;
				ENABLE_NS_ASSERTIONS = NO;
				ENABLE_STRICT_OBJC_MSGSEND = YES;
				ENABLE_USER_SCRIPT_SANDBOXING = YES;
				GCC_C_LANGUAGE_STANDARD = gnu17;
				GCC_NO_COMMON_BLOCKS = YES;
				GCC_WARN_64_TO_32_BIT_CONVERSION = YES;
				GCC_WARN_ABOUT_RETURN_TYPE = YES_ERROR;
				GCC_WARN_UNDECLARED_SELECTOR = YES;
				GCC_WARN_UNINITIALIZED_AUTOS = YES_AGGRESSIVE;
				GCC_WARN_UNUSED_FUNCTION = YES;
				GCC_WARN_UNUSED_VARIABLE = YES;
				IPHONEOS_DEPLOYMENT_TARGET = 26.0;
				LOCALIZATION_PREFERS_STRING_CATALOGS = YES;
				MTL_ENABLE_DEBUG_INFO = NO;
				MTL_FAST_MATH = YES;
				SDKROOT = iphoneos;
				SWIFT_COMPILATION_MODE = wholemodule;
				VALIDATE_PRODUCT = YES;
			};
			name = Release;
		};
		8DB3623C2E6D972D00FEA0A3 /* Debug */ = {
			isa = XCBuildConfiguration;
			baseConfigurationReference = E01601B64801761B9D4A6CDC /* Pods-empujarTests.debug.xcconfig */;
			buildSettings = {
				BUNDLE_LOADER = "$(TEST_HOST)";
				CODE_SIGN_STYLE = Automatic;
				CURRENT_PROJECT_VERSION = 1;
				DEVELOPMENT_TEAM = 7QCTDV3C2Y;
				GENERATE_INFOPLIST_FILE = YES;
				IPHONEOS_DEPLOYMENT_TARGET = 26.0;
				MARKETING_VERSION = 1.0;
				PRODUCT_BUNDLE_IDENTIFIER = com.schwarz.empujarTests;
				PRODUCT_NAME = "$(TARGET_NAME)";
				STRING_CATALOG_GENERATE_SYMBOLS = NO;
				SWIFT_APPROACHABLE_CONCURRENCY = YES;
				SWIFT_EMIT_LOC_STRINGS = NO;
				SWIFT_UPCOMING_FEATURE_MEMBER_IMPORT_VISIBILITY = YES;
				SWIFT_VERSION = 5.0;
				TARGETED_DEVICE_FAMILY = "1,2";
				TEST_HOST = "$(BUILT_PRODUCTS_DIR)/empujar.app/$(BUNDLE_EXECUTABLE_FOLDER_PATH)/empujar";
			};
			name = Debug;
		};
		8DB3623D2E6D972D00FEA0A3 /* Release */ = {
			isa = XCBuildConfiguration;
			baseConfigurationReference = FDD54F976A4A85DEC3A1CD32 /* Pods-empujarTests.release.xcconfig */;
			buildSettings = {
				BUNDLE_LOADER = "$(TEST_HOST)";
				CODE_SIGN_STYLE = Automatic;
				CURRENT_PROJECT_VERSION = 1;
				DEVELOPMENT_TEAM = 7QCTDV3C2Y;
				GENERATE_INFOPLIST_FILE = YES;
				IPHONEOS_DEPLOYMENT_TARGET = 26.0;
				MARKETING_VERSION = 1.0;
				PRODUCT_BUNDLE_IDENTIFIER = com.schwarz.empujarTests;
				PRODUCT_NAME = "$(TARGET_NAME)";
				STRING_CATALOG_GENERATE_SYMBOLS = NO;
				SWIFT_APPROACHABLE_CONCURRENCY = YES;
				SWIFT_EMIT_LOC_STRINGS = NO;
				SWIFT_UPCOMING_FEATURE_MEMBER_IMPORT_VISIBILITY = YES;
				SWIFT_VERSION = 5.0;
				TARGETED_DEVICE_FAMILY = "1,2";
				TEST_HOST = "$(BUILT_PRODUCTS_DIR)/empujar.app/$(BUNDLE_EXECUTABLE_FOLDER_PATH)/empujar";
			};
			name = Release;
		};
		8DB3623F2E6D972D00FEA0A3 /* Debug */ = {
			isa = XCBuildConfiguration;
			baseConfigurationReference = D7CAF919C6A203C68A65E972 /* Pods-empujar-empujarUITests.debug.xcconfig */;
			buildSettings = {
				CODE_SIGN_STYLE = Automatic;
				CURRENT_PROJECT_VERSION = 1;
				DEVELOPMENT_TEAM = 7QCTDV3C2Y;
				GENERATE_INFOPLIST_FILE = YES;
				MARKETING_VERSION = 1.0;
				PRODUCT_BUNDLE_IDENTIFIER = com.schwarz.empujarUITests;
				PRODUCT_NAME = "$(TARGET_NAME)";
				STRING_CATALOG_GENERATE_SYMBOLS = NO;
				SWIFT_APPROACHABLE_CONCURRENCY = YES;
				SWIFT_EMIT_LOC_STRINGS = NO;
				SWIFT_UPCOMING_FEATURE_MEMBER_IMPORT_VISIBILITY = YES;
				SWIFT_VERSION = 5.0;
				TARGETED_DEVICE_FAMILY = "1,2";
				TEST_TARGET_NAME = empujar;
			};
			name = Debug;
		};
		8DB362402E6D972D00FEA0A3 /* Release */ = {
			isa = XCBuildConfiguration;
			baseConfigurationReference = AAE0D073134B565FD15BBC97 /* Pods-empujar-empujarUITests.release.xcconfig */;
			buildSettings = {
				CODE_SIGN_STYLE = Automatic;
				CURRENT_PROJECT_VERSION = 1;
				DEVELOPMENT_TEAM = 7QCTDV3C2Y;
				GENERATE_INFOPLIST_FILE = YES;
				MARKETING_VERSION = 1.0;
				PRODUCT_BUNDLE_IDENTIFIER = com.schwarz.empujarUITests;
				PRODUCT_NAME = "$(TARGET_NAME)";
				STRING_CATALOG_GENERATE_SYMBOLS = NO;
				SWIFT_APPROACHABLE_CONCURRENCY = YES;
				SWIFT_EMIT_LOC_STRINGS = NO;
				SWIFT_UPCOMING_FEATURE_MEMBER_IMPORT_VISIBILITY = YES;
				SWIFT_VERSION = 5.0;
				TARGETED_DEVICE_FAMILY = "1,2";
				TEST_TARGET_NAME = empujar;
			};
			name = Release;
		};
/* End XCBuildConfiguration section */

/* Begin XCConfigurationList section */
		8DB362082E6D972B00FEA0A3 /* Build configuration list for PBXProject "empujar" */ = {
			isa = XCConfigurationList;
			buildConfigurations = (
				8DB362392E6D972D00FEA0A3 /* Debug */,
				8DB3623A2E6D972D00FEA0A3 /* Release */,
			);
			defaultConfigurationIsVisible = 0;
			defaultConfigurationName = Release;
		};
		8DB362362E6D972D00FEA0A3 /* Build configuration list for PBXNativeTarget "empujar" */ = {
			isa = XCConfigurationList;
			buildConfigurations = (
				8DB362372E6D972D00FEA0A3 /* Debug */,
				8DB362382E6D972D00FEA0A3 /* Release */,
			);
			defaultConfigurationIsVisible = 0;
			defaultConfigurationName = Release;
		};
		8DB3623B2E6D972D00FEA0A3 /* Build configuration list for PBXNativeTarget "empujarTests" */ = {
			isa = XCConfigurationList;
			buildConfigurations = (
				8DB3623C2E6D972D00FEA0A3 /* Debug */,
				8DB3623D2E6D972D00FEA0A3 /* Release */,
			);
			defaultConfigurationIsVisible = 0;
			defaultConfigurationName = Release;
		};
		8DB3623E2E6D972D00FEA0A3 /* Build configuration list for PBXNativeTarget "empujarUITests" */ = {
			isa = XCConfigurationList;
			buildConfigurations = (
				8DB3623F2E6D972D00FEA0A3 /* Debug */,
				8DB362402E6D972D00FEA0A3 /* Release */,
			);
			defaultConfigurationIsVisible = 0;
			defaultConfigurationName = Release;
		};
/* End XCConfigurationList section */
	};
	rootObject = 8DB362052E6D972B00FEA0A3 /* Project object */;
}
